
Microsoft Visual Studio Solution File, Format Version 12.00
# Visual Studio Version 16
VisualStudioVersion = 16.0.31911.196
MinimumVisualStudioVersion = 10.0.40219.1
Project("{FAE04EC0-301F-11D3-BF4B-00C04F79EFBC}") = "DI_Example", "DI_Example.csproj", "{9BDBAB7D-CEF6-4DAB-87FD-640F9C39B168}"
EndProject
Global
	GlobalSection(SolutionConfigurationPlatforms) = preSolution
		Debug|Any CPU = Debug|Any CPU
		Release|Any CPU = Release|Any CPU
	EndGlobalSection
	GlobalSection(ProjectConfigurationPlatforms) = postSolution
		{9BDBAB7D-CEF6-4DAB-87FD-640F9C39B168}.Debug|Any CPU.ActiveCfg = Debug|Any CPU
		{9BDBAB7D-CEF6-4DAB-87FD-640F9C39B168}.Debug|Any CPU.Build.0 = Debug|Any CPU
		{9BDBAB7D-CEF6-4DAB-87FD-640F9C39B168}.Release|Any CPU.ActiveCfg = Release|Any CPU
		{9BDBAB7D-CEF6-4DAB-87FD-640F9C39B168}.Release|Any CPU.Build.0 = Release|Any CPU
	EndGlobalSection
	GlobalSection(SolutionProperties) = preSolution
		HideSolutionNode = FALSE
	EndGlobalSection
	GlobalSection(ExtensibilityGlobals) = postSolution
		SolutionGuid = {31BEE2A1-CF9A-474E-B662-D0D042D2878D}
	EndGlobalSection
EndGlobal
