
Microsoft Visual Studio Solution File, Format Version 12.00
# Visual Studio Version 16
VisualStudioVersion = 16.0.31911.196
MinimumVisualStudioVersion = 10.0.40219.1
Project("{FAE04EC0-301F-11D3-BF4B-00C04F79EFBC}") = "VetManagement", "VetManagement.csproj", "{0739B2C0-5362-45A2-87F3-9AB93D0D6710}"
EndProject
Global
	GlobalSection(SolutionConfigurationPlatforms) = preSolution
		Debug|Any CPU = Debug|Any CPU
		Release|Any CPU = Release|Any CPU
	EndGlobalSection
	GlobalSection(ProjectConfigurationPlatforms) = postSolution
		{0739B2C0-5362-45A2-87F3-9AB93D0D6710}.Debug|Any CPU.ActiveCfg = Debug|Any CPU
		{0739B2C0-5362-45A2-87F3-9AB93D0D6710}.Debug|Any CPU.Build.0 = Debug|Any CPU
		{0739B2C0-5362-45A2-87F3-9AB93D0D6710}.Release|Any CPU.ActiveCfg = Release|Any CPU
		{0739B2C0-5362-45A2-87F3-9AB93D0D6710}.Release|Any CPU.Build.0 = Release|Any CPU
	EndGlobalSection
	GlobalSection(SolutionProperties) = preSolution
		HideSolutionNode = FALSE
	EndGlobalSection
	GlobalSection(ExtensibilityGlobals) = postSolution
		SolutionGuid = {1E1AD593-4E81-482D-ADA8-5DF95DAF2032}
	EndGlobalSection
EndGlobal
